
Microsoft Visual Studio Solution File, Format Version 12.00
# Visual Studio Version 17
VisualStudioVersion = 17.0.31903.59
MinimumVisualStudioVersion = 10.0.40219.1
Project("{9A19103F-16F7-4668-BE54-9A1E7A4F7556}") = "SPS.UI", "SPS.UI.csproj", "{D9D9AE50-955B-425E-B34D-9BF9FB00EA4C}"
EndProject
Project("{9A19103F-16F7-4668-BE54-9A1E7A4F7556}") = "SPS.UI.Data", "SPS.UI.Data\SPS.UI.Data.csproj", "{0899F27B-1F45-483E-BC4F-3EB5A9D5ED91}"
EndProject
Project("{9A19103F-16F7-4668-BE54-9A1E7A4F7556}") = "SPS.UI.Service", "SPS.UI.Service\SPS.UI.Service.csproj", "{3CA9345A-F936-48EB-B2AC-D84D70020468}"
EndProject
Global
	GlobalSection(SolutionConfigurationPlatforms) = preSolution
		Debug|Any CPU = Debug|Any CPU
		Release|Any CPU = Release|Any CPU
	EndGlobalSection
	GlobalSection(ProjectConfigurationPlatforms) = postSolution
		{D9D9AE50-955B-425E-B34D-9BF9FB00EA4C}.Debug|Any CPU.ActiveCfg = Debug|Any CPU
		{D9D9AE50-955B-425E-B34D-9BF9FB00EA4C}.Debug|Any CPU.Build.0 = Debug|Any CPU
		{D9D9AE50-955B-425E-B34D-9BF9FB00EA4C}.Release|Any CPU.ActiveCfg = Release|Any CPU
		{D9D9AE50-955B-425E-B34D-9BF9FB00EA4C}.Release|Any CPU.Build.0 = Release|Any CPU
		{0899F27B-1F45-483E-BC4F-3EB5A9D5ED91}.Debug|Any CPU.ActiveCfg = Debug|Any CPU
		{0899F27B-1F45-483E-BC4F-3EB5A9D5ED91}.Debug|Any CPU.Build.0 = Debug|Any CPU
		{0899F27B-1F45-483E-BC4F-3EB5A9D5ED91}.Release|Any CPU.ActiveCfg = Release|Any CPU
		{0899F27B-1F45-483E-BC4F-3EB5A9D5ED91}.Release|Any CPU.Build.0 = Release|Any CPU
		{3CA9345A-F936-48EB-B2AC-D84D70020468}.Debug|Any CPU.ActiveCfg = Debug|Any CPU
		{3CA9345A-F936-48EB-B2AC-D84D70020468}.Debug|Any CPU.Build.0 = Debug|Any CPU
		{3CA9345A-F936-48EB-B2AC-D84D70020468}.Release|Any CPU.ActiveCfg = Release|Any CPU
		{3CA9345A-F936-48EB-B2AC-D84D70020468}.Release|Any CPU.Build.0 = Release|Any CPU
	EndGlobalSection
	GlobalSection(SolutionProperties) = preSolution
		HideSolutionNode = FALSE
	EndGlobalSection
	GlobalSection(ExtensibilityGlobals) = postSolution
		SolutionGuid = {A1D89216-3298-49CE-9A65-BE84F96A4B08}
	EndGlobalSection
EndGlobal
